
Microsoft Visual Studio Solution File, Format Version 12.00
# Visual Studio Version 17
VisualStudioVersion = 17.7.34024.191
MinimumVisualStudioVersion = 10.0.40219.1
Project("{9A19103F-16F7-4668-BE54-9A1E7A4F7556}") = "Travel", "Travel\Travel.csproj", "{37EA128B-B314-46E9-88F1-A29D82F2510A}"
EndProject
Global
	GlobalSection(SolutionConfigurationPlatforms) = preSolution
		Debug|Any CPU = Debug|Any CPU
		Release|Any CPU = Release|Any CPU
	EndGlobalSection
	GlobalSection(ProjectConfigurationPlatforms) = postSolution
		{37EA128B-B314-46E9-88F1-A29D82F2510A}.Debug|Any CPU.ActiveCfg = Debug|Any CPU
		{37EA128B-B314-46E9-88F1-A29D82F2510A}.Debug|Any CPU.Build.0 = Debug|Any CPU
		{37EA128B-B314-46E9-88F1-A29D82F2510A}.Release|Any CPU.ActiveCfg = Release|Any CPU
		{37EA128B-B314-46E9-88F1-A29D82F2510A}.Release|Any CPU.Build.0 = Release|Any CPU
	EndGlobalSection
	GlobalSection(SolutionProperties) = preSolution
		HideSolutionNode = FALSE
	EndGlobalSection
	GlobalSection(ExtensibilityGlobals) = postSolution
		SolutionGuid = {B99E7358-7341-4AE4-9F2E-808BB1B751BB}
	EndGlobalSection
EndGlobal
